
Microsoft Visual Studio Solution File, Format Version 12.00
# Visual Studio Version 16
VisualStudioVersion = 16.0.30711.63
MinimumVisualStudioVersion = 10.0.40219.1
Project("{9A19103F-16F7-4668-BE54-9A1E7A4F7556}") = "boilerplatezero", "boilerplatezero\boilerplatezero.csproj", "{A0D27B34-34D3-4FC7-B738-26CF3DC9E336}"
EndProject
Project("{9A19103F-16F7-4668-BE54-9A1E7A4F7556}") = "Bpz.Test", "Bpz.Test\Bpz.Test.csproj", "{22F908EF-08DB-4A03-9EFD-29A6A8CCB805}"
EndProject
Global
	GlobalSection(SolutionConfigurationPlatforms) = preSolution
		Debug|Any CPU = Debug|Any CPU
		Release|Any CPU = Release|Any CPU
	EndGlobalSection
	GlobalSection(ProjectConfigurationPlatforms) = postSolution
		{A0D27B34-34D3-4FC7-B738-26CF3DC9E336}.Debug|Any CPU.ActiveCfg = Debug|Any CPU
		{A0D27B34-34D3-4FC7-B738-26CF3DC9E336}.Debug|Any CPU.Build.0 = Debug|Any CPU
		{A0D27B34-34D3-4FC7-B738-26CF3DC9E336}.Release|Any CPU.ActiveCfg = Release|Any CPU
		{A0D27B34-34D3-4FC7-B738-26CF3DC9E336}.Release|Any CPU.Build.0 = Release|Any CPU
		{22F908EF-08DB-4A03-9EFD-29A6A8CCB805}.Debug|Any CPU.ActiveCfg = Debug|Any CPU
		{22F908EF-08DB-4A03-9EFD-29A6A8CCB805}.Debug|Any CPU.Build.0 = Debug|Any CPU
		{22F908EF-08DB-4A03-9EFD-29A6A8CCB805}.Release|Any CPU.ActiveCfg = Release|Any CPU
		{22F908EF-08DB-4A03-9EFD-29A6A8CCB805}.Release|Any CPU.Build.0 = Release|Any CPU
	EndGlobalSection
	GlobalSection(SolutionProperties) = preSolution
		HideSolutionNode = FALSE
	EndGlobalSection
	GlobalSection(ExtensibilityGlobals) = postSolution
		SolutionGuid = {7669CB07-5F3C-47AF-BD8C-31E938B3932E}
	EndGlobalSection
EndGlobal
